// !$*UTF8*$!
{
	archiveVersion = 1;
	classes = {
	};
	objectVersion = 46;
	objects = {

/* Begin PBXBuildFile section */
		185A600B1A6436FB00400FC8 /* main.m in Sources */ = {isa = PBXBuildFile; fileRef = 185A600A1A6436FB00400FC8 /* main.m */; };
		185A600E1A6436FB00400FC8 /* AppDelegate.m in Sources */ = {isa = PBXBuildFile; fileRef = 185A600D1A6436FB00400FC8 /* AppDelegate.m */; };
		185A60111A6436FB00400FC8 /* ViewController.m in Sources */ = {isa = PBXBuildFile; fileRef = 185A60101A6436FB00400FC8 /* ViewController.m */; };
		185A60141A6436FB00400FC8 /* Main.storyboard in Resources */ = {isa = PBXBuildFile; fileRef = 185A60121A6436FB00400FC8 /* Main.storyboard */; };
		185A60161A6436FB00400FC8 /* Images.xcassets in Resources */ = {isa = PBXBuildFile; fileRef = 185A60151A6436FB00400FC8 /* Images.xcassets */; };
		185A60251A6436FB00400FC8 /* urlConnectTests.m in Sources */ = {isa = PBXBuildFile; fileRef = 185A60241A6436FB00400FC8 /* urlConnectTests.m */; };
		185A60301A6440D100400FC8 /* Currency.m in Sources */ = {isa = PBXBuildFile; fileRef = 185A602F1A6440D100400FC8 /* Currency.m */; };
		8405BA001A759E3700F0E821 /* convert.jpeg in Resources */ = {isa = PBXBuildFile; fileRef = 8405B9FF1A759E3700F0E821 /* convert.jpeg */; };
		8405BA021A75A2E400F0E821 /* images.jpeg in Resources */ = {isa = PBXBuildFile; fileRef = 8405BA011A75A2E400F0E821 /* images.jpeg */; };
/* End PBXBuildFile section */

/* Begin PBXContainerItemProxy section */
		185A601F1A6436FB00400FC8 /* PBXContainerItemProxy */ = {
			isa = PBXContainerItemProxy;
			containerPortal = 185A5FFD1A6436FB00400FC8 /* Project object */;
			proxyType = 1;
			remoteGlobalIDString = 185A60041A6436FB00400FC8;
			remoteInfo = urlConnect;
		};
/* End PBXContainerItemProxy section */

/* Begin PBXFileReference section */
		185A60051A6436FB00400FC8 /* urlConnect.app */ = {isa = PBXFileReference; explicitFileType = wrapper.application; includeInIndex = 0; path = urlConnect.app; sourceTree = BUILT_PRODUCTS_DIR; };
		185A60091A6436FB00400FC8 /* Info.plist */ = {isa = PBXFileReference; lastKnownFileType = text.plist.xml; path = Info.plist; sourceTree = "<group>"; };
		185A600A1A6436FB00400FC8 /* main.m */ = {isa = PBXFileReference; lastKnownFileType = sourcecode.c.objc; path = main.m; sourceTree = "<group>"; };
		185A600C1A6436FB00400FC8 /* AppDelegate.h */ = {isa = PBXFileReference; lastKnownFileType = sourcecode.c.h; path = AppDelegate.h; sourceTree = "<group>"; };
		185A600D1A6436FB00400FC8 /* AppDelegate.m */ = {isa = PBXFileReference; lastKnownFileType = sourcecode.c.objc; path = AppDelegate.m; sourceTree = "<group>"; };
		185A600F1A6436FB00400FC8 /* ViewController.h */ = {isa = PBXFileReference; lastKnownFileType = sourcecode.c.h; path = ViewController.h; sourceTree = "<group>"; };
		185A60101A6436FB00400FC8 /* ViewController.m */ = {isa = PBXFileReference; lastKnownFileType = sourcecode.c.objc; path = ViewController.m; sourceTree = "<group>"; };
		185A60131A6436FB00400FC8 /* Base */ = {isa = PBXFileReference; lastKnownFileType = file.storyboard; name = Base; path = Base.lproj/Main.storyboard; sourceTree = "<group>"; };
		185A60151A6436FB00400FC8 /* Images.xcassets */ = {isa = PBXFileReference; lastKnownFileType = folder.assetcatalog; path = Images.xcassets; sourceTree = "<group>"; };
		185A601E1A6436FB00400FC8 /* urlConnectTests.xctest */ = {isa = PBXFileReference; explicitFileType = wrapper.cfbundle; includeInIndex = 0; path = urlConnectTests.xctest; sourceTree = BUILT_PRODUCTS_DIR; };
		185A60231A6436FB00400FC8 /* Info.plist */ = {isa = PBXFileReference; lastKnownFileType = text.plist.xml; path = Info.plist; sourceTree = "<group>"; };
		185A60241A6436FB00400FC8 /* urlConnectTests.m */ = {isa = PBXFileReference; lastKnownFileType = sourcecode.c.objc; path = urlConnectTests.m; sourceTree = "<group>"; };
		185A602E1A6440D100400FC8 /* Currency.h */ = {isa = PBXFileReference; fileEncoding = 4; lastKnownFileType = sourcecode.c.h; path = Currency.h; sourceTree = "<group>"; };
		185A602F1A6440D100400FC8 /* Currency.m */ = {isa = PBXFileReference; fileEncoding = 4; lastKnownFileType = sourcecode.c.objc; path = Currency.m; sourceTree = "<group>"; };
		8405B9FF1A759E3700F0E821 /* convert.jpeg */ = {isa = PBXFileReference; lastKnownFileType = image.jpeg; name = convert.jpeg; path = ../convert.jpeg; sourceTree = "<group>"; };
		8405BA011A75A2E400F0E821 /* images.jpeg */ = {isa = PBXFileReference; lastKnownFileType = image.jpeg; path = images.jpeg; sourceTree = "<group>"; };
/* End PBXFileReference section */

/* Begin PBXFrameworksBuildPhase section */
		185A60021A6436FB00400FC8 /* Frameworks */ = {
			isa = PBXFrameworksBuildPhase;
			buildActionMask = 2147483647;
			files = (
			);
			runOnlyForDeploymentPostprocessing = 0;
		};
		185A601B1A6436FB00400FC8 /* Frameworks */ = {
			isa = PBXFrameworksBuildPhase;
			buildActionMask = 2147483647;
			files = (
			);
			runOnlyForDeploymentPostprocessing = 0;
		};
/* End PBXFrameworksBuildPhase section */

/* Begin PBXGroup section */
		185A5FFC1A6436FB00400FC8 = {
			isa = PBXGroup;
			children = (
				185A60071A6436FB00400FC8 /* urlConnect */,
				185A60211A6436FB00400FC8 /* urlConnectTests */,
				185A60061A6436FB00400FC8 /* Products */,
			);
			sourceTree = "<group>";
		};
		185A60061A6436FB00400FC8 /* Products */ = {
			isa = PBXGroup;
			children = (
				185A60051A6436FB00400FC8 /* urlConnect.app */,
				185A601E1A6436FB00400FC8 /* urlConnectTests.xctest */,
			);
			name = Products;
			sourceTree = "<group>";
		};
		185A60071A6436FB00400FC8 /* urlConnect */ = {
			isa = PBXGroup;
			children = (
				185A600C1A6436FB00400FC8 /* AppDelegate.h */,
				8405BA011A75A2E400F0E821 /* images.jpeg */,
				185A600D1A6436FB00400FC8 /* AppDelegate.m */,
				185A602E1A6440D100400FC8 /* Currency.h */,
				185A602F1A6440D100400FC8 /* Currency.m */,
				185A600F1A6436FB00400FC8 /* ViewController.h */,
				185A60101A6436FB00400FC8 /* ViewController.m */,
				185A60121A6436FB00400FC8 /* Main.storyboard */,
				185A60151A6436FB00400FC8 /* Images.xcassets */,
				8405B9FF1A759E3700F0E821 /* convert.jpeg */,
				185A60081A6436FB00400FC8 /* Supporting Files */,
			);
			path = urlConnect;
			sourceTree = "<group>";
		};
		185A60081A6436FB00400FC8 /* Supporting Files */ = {
			isa = PBXGroup;
			children = (
				185A60091A6436FB00400FC8 /* Info.plist */,
				185A600A1A6436FB00400FC8 /* main.m */,
			);
			name = "Supporting Files";
			sourceTree = "<group>";
		};
		185A60211A6436FB00400FC8 /* urlConnectTests */ = {
			isa = PBXGroup;
			children = (
				185A60241A6436FB00400FC8 /* urlConnectTests.m */,
				185A60221A6436FB00400FC8 /* Supporting Files */,
			);
			path = urlConnectTests;
			sourceTree = "<group>";
		};
		185A60221A6436FB00400FC8 /* Supporting Files */ = {
			isa = PBXGroup;
			children = (
				185A60231A6436FB00400FC8 /* Info.plist */,
			);
			name = "Supporting Files";
			sourceTree = "<group>";
		};
/* End PBXGroup section */

/* Begin PBXNativeTarget section */
		185A60041A6436FB00400FC8 /* urlConnect */ = {
			isa = PBXNativeTarget;
			buildConfigurationList = 185A60281A6436FB00400FC8 /* Build configuration list for PBXNativeTarget "urlConnect" */;
			buildPhases = (
				185A60011A6436FB00400FC8 /* Sources */,
				185A60021A6436FB00400FC8 /* Frameworks */,
				185A60031A6436FB00400FC8 /* Resources */,
			);
			buildRules = (
			);
			dependencies = (
			);
			name = urlConnect;
			productName = urlConnect;
			productReference = 185A60051A6436FB00400FC8 /* urlConnect.app */;
			productType = "com.apple.product-type.application";
		};
		185A601D1A6436FB00400FC8 /* urlConnectTests */ = {
			isa = PBXNativeTarget;
			buildConfigurationList = 185A602B1A6436FB00400FC8 /* Build configuration list for PBXNativeTarget "urlConnectTests" */;
			buildPhases = (
				185A601A1A6436FB00400FC8 /* Sources */,
				185A601B1A6436FB00400FC8 /* Frameworks */,
				185A601C1A6436FB00400FC8 /* Resources */,
			);
			buildRules = (
			);
			dependencies = (
				185A60201A6436FB00400FC8 /* PBXTargetDependency */,
			);
			name = urlConnectTests;
			productName = urlConnectTests;
			productReference = 185A601E1A6436FB00400FC8 /* urlConnectTests.xctest */;
			productType = "com.apple.product-type.bundle.unit-test";
		};
/* End PBXNativeTarget section */

/* Begin PBXProject section */
		185A5FFD1A6436FB00400FC8 /* Project object */ = {
			isa = PBXProject;
			attributes = {
				LastUpgradeCheck = 0610;
				ORGANIZATIONNAME = "Vadim Krushinskiy";
				TargetAttributes = {
					185A60041A6436FB00400FC8 = {
						CreatedOnToolsVersion = 6.1.1;
					};
					185A601D1A6436FB00400FC8 = {
						CreatedOnToolsVersion = 6.1.1;
						TestTargetID = 185A60041A6436FB00400FC8;
					};
				};
			};
			buildConfigurationList = 185A60001A6436FB00400FC8 /* Build configuration list for PBXProject "urlConnect" */;
			compatibilityVersion = "Xcode 3.2";
			developmentRegion = English;
			hasScannedForEncodings = 0;
			knownRegions = (
				en,
				Base,
			);
			mainGroup = 185A5FFC1A6436FB00400FC8;
			productRefGroup = 185A60061A6436FB00400FC8 /* Products */;
			projectDirPath = "";
			projectRoot = "";
			targets = (
				185A60041A6436FB00400FC8 /* urlConnect */,
				185A601D1A6436FB00400FC8 /* urlConnectTests */,
			);
		};
/* End PBXProject section */

/* Begin PBXResourcesBuildPhase section */
		185A60031A6436FB00400FC8 /* Resources */ = {
			isa = PBXResourcesBuildPhase;
			buildActionMask = 2147483647;
			files = (
				8405BA001A759E3700F0E821 /* convert.jpeg in Resources */,
				185A60141A6436FB00400FC8 /* Main.storyboard in Resources */,
				185A60161A6436FB00400FC8 /* Images.xcassets in Resources */,
				8405BA021A75A2E400F0E821 /* images.jpeg in Resources */,
			);
			runOnlyForDeploymentPostprocessing = 0;
		};
		185A601C1A6436FB00400FC8 /* Resources */ = {
			isa = PBXResourcesBuildPhase;
			buildActionMask = 2147483647;
			files = (
			);
			runOnlyForDeploymentPostprocessing = 0;
		};
/* End PBXResourcesBuildPhase section */

/* Begin PBXSourcesBuildPhase section */
		185A60011A6436FB00400FC8 /* Sources */ = {
			isa = PBXSourcesBuildPhase;
			buildActionMask = 2147483647;
			files = (
				185A60301A6440D100400FC8 /* Currency.m in Sources */,
				185A60111A6436FB00400FC8 /* ViewController.m in Sources */,
				185A600E1A6436FB00400FC8 /* AppDelegate.m in Sources */,
				185A600B1A6436FB00400FC8 /* main.m in Sources */,
			);
			runOnlyForDeploymentPostprocessing = 0;
		};
		185A601A1A6436FB00400FC8 /* Sources */ = {
			isa = PBXSourcesBuildPhase;
			buildActionMask = 2147483647;
			files = (
				185A60251A6436FB00400FC8 /* urlConnectTests.m in Sources */,
			);
			runOnlyForDeploymentPostprocessing = 0;
		};
/* End PBXSourcesBuildPhase section */

/* Begin PBXTargetDependency section */
		185A60201A6436FB00400FC8 /* PBXTargetDependency */ = {
			isa = PBXTargetDependency;
			target = 185A60041A6436FB00400FC8 /* urlConnect */;
			targetProxy = 185A601F1A6436FB00400FC8 /* PBXContainerItemProxy */;
		};
/* End PBXTargetDependency section */

/* Begin PBXVariantGroup section */
		185A60121A6436FB00400FC8 /* Main.storyboard */ = {
			isa = PBXVariantGroup;
			children = (
				185A60131A6436FB00400FC8 /* Base */,
			);
			name = Main.storyboard;
			sourceTree = "<group>";
		};
/* End PBXVariantGroup section */

/* Begin XCBuildConfiguration section */
		185A60261A6436FB00400FC8 /* Debug */ = {
			isa = XCBuildConfiguration;
			buildSettings = {
				ALWAYS_SEARCH_USER_PATHS = NO;
				CLANG_CXX_LANGUAGE_STANDARD = "gnu++0x";
				CLANG_CXX_LIBRARY = "libc++";
				CLANG_ENABLE_MODULES = YES;
				CLANG_ENABLE_OBJC_ARC = YES;
				CLANG_WARN_BOOL_CONVERSION = YES;
				CLANG_WARN_CONSTANT_CONVERSION = YES;
				CLANG_WARN_DIRECT_OBJC_ISA_USAGE = YES_ERROR;
				CLANG_WARN_EMPTY_BODY = YES;
				CLANG_WARN_ENUM_CONVERSION = YES;
				CLANG_WARN_INT_CONVERSION = YES;
				CLANG_WARN_OBJC_ROOT_CLASS = YES_ERROR;
				CLANG_WARN_UNREACHABLE_CODE = YES;
				CLANG_WARN__DUPLICATE_METHOD_MATCH = YES;
				"CODE_SIGN_IDENTITY[sdk=iphoneos*]" = "iPhone Developer";
				COPY_PHASE_STRIP = NO;
				ENABLE_STRICT_OBJC_MSGSEND = YES;
				GCC_C_LANGUAGE_STANDARD = gnu99;
				GCC_DYNAMIC_NO_PIC = NO;
				GCC_OPTIMIZATION_LEVEL = 0;
				GCC_PREPROCESSOR_DEFINITIONS = (
					"DEBUG=1",
					"$(inherited)",
				);
				GCC_SYMBOLS_PRIVATE_EXTERN = NO;
				GCC_WARN_64_TO_32_BIT_CONVERSION = YES;
				GCC_WARN_ABOUT_RETURN_TYPE = YES_ERROR;
				GCC_WARN_UNDECLARED_SELECTOR = YES;
				GCC_WARN_UNINITIALIZED_AUTOS = YES_AGGRESSIVE;
				GCC_WARN_UNUSED_FUNCTION = YES;
				GCC_WARN_UNUSED_VARIABLE = YES;
				IPHONEOS_DEPLOYMENT_TARGET = 8.1;
				MTL_ENABLE_DEBUG_INFO = YES;
				ONLY_ACTIVE_ARCH = YES;
				SDKROOT = iphoneos;
			};
			name = Debug;
		};
		185A60271A6436FB00400FC8 /* Release */ = {
			isa = XCBuildConfiguration;
			buildSettings = {
				ALWAYS_SEARCH_USER_PATHS = NO;
				CLANG_CXX_LANGUAGE_STANDARD = "gnu++0x";
				CLANG_CXX_LIBRARY = "libc++";
				CLANG_ENABLE_MODULES = YES;
				CLANG_ENABLE_OBJC_ARC = YES;
				CLANG_WARN_BOOL_CONVERSION = YES;
				CLANG_WARN_CONSTANT_CONVERSION = YES;
				CLANG_WARN_DIRECT_OBJC_ISA_USAGE = YES_ERROR;
				CLANG_WARN_EMPTY_BODY = YES;
				CLANG_WARN_ENUM_CONVERSION = YES;
				CLANG_WARN_INT_CONVERSION = YES;
				CLANG_WARN_OBJC_ROOT_CLASS = YES_ERROR;
				CLANG_WARN_UNREACHABLE_CODE = YES;
				CLANG_WARN__DUPLICATE_METHOD_MATCH = YES;
				"CODE_SIGN_IDENTITY[sdk=iphoneos*]" = "iPhone Developer";
				COPY_PHASE_STRIP = YES;
				ENABLE_NS_ASSERTIONS = NO;
				ENABLE_STRICT_OBJC_MSGSEND = YES;
				GCC_C_LANGUAGE_STANDARD = gnu99;
				GCC_WARN_64_TO_32_BIT_CONVERSION = YES;
				GCC_WARN_ABOUT_RETURN_TYPE = YES_ERROR;
				GCC_WARN_UNDECLARED_SELECTOR = YES;
				GCC_WARN_UNINITIALIZED_AUTOS = YES_AGGRESSIVE;
				GCC_WARN_UNUSED_FUNCTION = YES;
				GCC_WARN_UNUSED_VARIABLE = YES;
				IPHONEOS_DEPLOYMENT_TARGET = 8.1;
				MTL_ENABLE_DEBUG_INFO = NO;
				SDKROOT = iphoneos;
				VALIDATE_PRODUCT = YES;
			};
			name = Release;
		};
		185A60291A6436FB00400FC8 /* Debug */ = {
			isa = XCBuildConfiguration;
			buildSettings = {
				ASSETCATALOG_COMPILER_APPICON_NAME = AppIcon;
				INFOPLIST_FILE = urlConnect/Info.plist;
				IPHONEOS_DEPLOYMENT_TARGET = 8.0;
				LD_RUNPATH_SEARCH_PATHS = "$(inherited) @executable_path/Frameworks";
				PRODUCT_NAME = "$(TARGET_NAME)";
			};
			name = Debug;
		};
		185A602A1A6436FB00400FC8 /* Release */ = {
			isa = XCBuildConfiguration;
			buildSettings = {
				ASSETCATALOG_COMPILER_APPICON_NAME = AppIcon;
				INFOPLIST_FILE = urlConnect/Info.plist;
				IPHONEOS_DEPLOYMENT_TARGET = 8.0;
				LD_RUNPATH_SEARCH_PATHS = "$(inherited) @executable_path/Frameworks";
				PRODUCT_NAME = "$(TARGET_NAME)";
			};
			name = Release;
		};
		185A602C1A6436FB00400FC8 /* Debug */ = {
			isa = XCBuildConfiguration;
			buildSettings = {
				BUNDLE_LOADER = "$(TEST_HOST)";
				FRAMEWORK_SEARCH_PATHS = (
					"$(SDKROOT)/Developer/Library/Frameworks",
					"$(inherited)",
				);
				GCC_PREPROCESSOR_DEFINITIONS = (
					"DEBUG=1",
					"$(inherited)",
				);
				INFOPLIST_FILE = urlConnectTests/Info.plist;
				LD_RUNPATH_SEARCH_PATHS = "$(inherited) @executable_path/Frameworks @loader_path/Frameworks";
				PRODUCT_NAME = "$(TARGET_NAME)";
				TEST_HOST = "$(BUILT_PRODUCTS_DIR)/urlConnect.app/urlConnect";
			};
			name = Debug;
		};
		185A602D1A6436FB00400FC8 /* Release */ = {
			isa = XCBuildConfiguration;
			buildSettings = {
				BUNDLE_LOADER = "$(TEST_HOST)";
				FRAMEWORK_SEARCH_PATHS = (
					"$(SDKROOT)/Developer/Library/Frameworks",
					"$(inherited)",
				);
				INFOPLIST_FILE = urlConnectTests/Info.plist;
				LD_RUNPATH_SEARCH_PATHS = "$(inherited) @executable_path/Frameworks @loader_path/Frameworks";
				PRODUCT_NAME = "$(TARGET_NAME)";
				TEST_HOST = "$(BUILT_PRODUCTS_DIR)/urlConnect.app/urlConnect";
			};
			name = Release;
		};
/* End XCBuildConfiguration section */

/* Begin XCConfigurationList section */
		185A60001A6436FB00400FC8 /* Build configuration list for PBXProject "urlConnect" */ = {
			isa = XCConfigurationList;
			buildConfigurations = (
				185A60261A6436FB00400FC8 /* Debug */,
				185A60271A6436FB00400FC8 /* Release */,
			);
			defaultConfigurationIsVisible = 0;
			defaultConfigurationName = Release;
		};
		185A60281A6436FB00400FC8 /* Build configuration list for PBXNativeTarget "urlConnect" */ = {
			isa = XCConfigurationList;
			buildConfigurations = (
				185A60291A6436FB00400FC8 /* Debug */,
				185A602A1A6436FB00400FC8 /* Release */,
			);
			defaultConfigurationIsVisible = 0;
			defaultConfigurationName = Release;
		};
		185A602B1A6436FB00400FC8 /* Build configuration list for PBXNativeTarget "urlConnectTests" */ = {
			isa = XCConfigurationList;
			buildConfigurations = (
				185A602C1A6436FB00400FC8 /* Debug */,
				185A602D1A6436FB00400FC8 /* Release */,
			);
			defaultConfigurationIsVisible = 0;
			defaultConfigurationName = Release;
		};
/* End XCConfigurationList section */
	};
	rootObject = 185A5FFD1A6436FB00400FC8 /* Project object */;
}
